
Microsoft Visual Studio Solution File, Format Version 12.00
# Visual Studio Version 16
VisualStudioVersion = 16.0.29306.81
MinimumVisualStudioVersion = 10.0.40219.1
Project("{FAE04EC0-301F-11D3-BF4B-00C04F79EFBC}") = "ITI.BankAccount", "ITI.BankAccount\ITI.BankAccount.csproj", "{40B70585-19F5-4E47-9D45-D48CFA925D90}"
EndProject
Global
	GlobalSection(SolutionConfigurationPlatforms) = preSolution
		Debug|Any CPU = Debug|Any CPU
		Release|Any CPU = Release|Any CPU
	EndGlobalSection
	GlobalSection(ProjectConfigurationPlatforms) = postSolution
		{40B70585-19F5-4E47-9D45-D48CFA925D90}.Debug|Any CPU.ActiveCfg = Debug|Any CPU
		{40B70585-19F5-4E47-9D45-D48CFA925D90}.Debug|Any CPU.Build.0 = Debug|Any CPU
		{40B70585-19F5-4E47-9D45-D48CFA925D90}.Release|Any CPU.ActiveCfg = Release|Any CPU
		{40B70585-19F5-4E47-9D45-D48CFA925D90}.Release|Any CPU.Build.0 = Release|Any CPU
	EndGlobalSection
	GlobalSection(SolutionProperties) = preSolution
		HideSolutionNode = FALSE
	EndGlobalSection
	GlobalSection(ExtensibilityGlobals) = postSolution
		SolutionGuid = {5D6C777D-1574-4A45-ADFE-C116FA4C259D}
	EndGlobalSection
EndGlobal
