
Microsoft Visual Studio Solution File, Format Version 12.00
# Visual Studio 15
VisualStudioVersion = 15.0.27130.2024
MinimumVisualStudioVersion = 10.0.40219.1
Project("{FAE04EC0-301F-11D3-BF4B-00C04F79EFBC}") = "ITI.PrimarySchool", "ITI.PrimarySchool\ITI.PrimarySchool.csproj", "{4353B80D-6526-440D-A412-B85B8374DA4F}"
EndProject
Project("{FAE04EC0-301F-11D3-BF4B-00C04F79EFBC}") = "ITI.PrimarySchool.Tests", "ITI.PrimarySchool.Tests\ITI.PrimarySchool.Tests.csproj", "{4C78BEBE-D586-4DC8-B61A-AD42A9C9DE5F}"
EndProject
Global
	GlobalSection(SolutionConfigurationPlatforms) = preSolution
		Debug|Any CPU = Debug|Any CPU
		Release|Any CPU = Release|Any CPU
	EndGlobalSection
	GlobalSection(ProjectConfigurationPlatforms) = postSolution
		{4353B80D-6526-440D-A412-B85B8374DA4F}.Debug|Any CPU.ActiveCfg = Debug|Any CPU
		{4353B80D-6526-440D-A412-B85B8374DA4F}.Debug|Any CPU.Build.0 = Debug|Any CPU
		{4353B80D-6526-440D-A412-B85B8374DA4F}.Release|Any CPU.ActiveCfg = Release|Any CPU
		{4353B80D-6526-440D-A412-B85B8374DA4F}.Release|Any CPU.Build.0 = Release|Any CPU
		{4C78BEBE-D586-4DC8-B61A-AD42A9C9DE5F}.Debug|Any CPU.ActiveCfg = Debug|Any CPU
		{4C78BEBE-D586-4DC8-B61A-AD42A9C9DE5F}.Debug|Any CPU.Build.0 = Debug|Any CPU
		{4C78BEBE-D586-4DC8-B61A-AD42A9C9DE5F}.Release|Any CPU.ActiveCfg = Release|Any CPU
		{4C78BEBE-D586-4DC8-B61A-AD42A9C9DE5F}.Release|Any CPU.Build.0 = Release|Any CPU
	EndGlobalSection
	GlobalSection(SolutionProperties) = preSolution
		HideSolutionNode = FALSE
	EndGlobalSection
	GlobalSection(ExtensibilityGlobals) = postSolution
		SolutionGuid = {B83E6416-62C3-49EE-BD82-A4BAED42236E}
	EndGlobalSection
EndGlobal
