
Microsoft Visual Studio Solution File, Format Version 12.00
# Visual Studio Version 16
VisualStudioVersion = 16.0.29306.81
MinimumVisualStudioVersion = 10.0.40219.1
Project("{FAE04EC0-301F-11D3-BF4B-00C04F79EFBC}") = "ITI.Geometry", "ITI.Geometry\ITI.Geometry.csproj", "{2E028FD6-B5B4-4E21-8C3A-ADC5EE10AC27}"
EndProject
Project("{FAE04EC0-301F-11D3-BF4B-00C04F79EFBC}") = "ITI.Geometry.UI", "ITI.Geometry.UI\ITI.Geometry.UI.csproj", "{11662A64-FF45-42E3-BC73-0EB3112A7FCD}"
EndProject
Global
	GlobalSection(SolutionConfigurationPlatforms) = preSolution
		Debug|Any CPU = Debug|Any CPU
		Release|Any CPU = Release|Any CPU
	EndGlobalSection
	GlobalSection(ProjectConfigurationPlatforms) = postSolution
		{2E028FD6-B5B4-4E21-8C3A-ADC5EE10AC27}.Debug|Any CPU.ActiveCfg = Debug|Any CPU
		{2E028FD6-B5B4-4E21-8C3A-ADC5EE10AC27}.Debug|Any CPU.Build.0 = Debug|Any CPU
		{2E028FD6-B5B4-4E21-8C3A-ADC5EE10AC27}.Release|Any CPU.ActiveCfg = Release|Any CPU
		{2E028FD6-B5B4-4E21-8C3A-ADC5EE10AC27}.Release|Any CPU.Build.0 = Release|Any CPU
		{11662A64-FF45-42E3-BC73-0EB3112A7FCD}.Debug|Any CPU.ActiveCfg = Debug|Any CPU
		{11662A64-FF45-42E3-BC73-0EB3112A7FCD}.Debug|Any CPU.Build.0 = Debug|Any CPU
		{11662A64-FF45-42E3-BC73-0EB3112A7FCD}.Release|Any CPU.ActiveCfg = Release|Any CPU
		{11662A64-FF45-42E3-BC73-0EB3112A7FCD}.Release|Any CPU.Build.0 = Release|Any CPU
	EndGlobalSection
	GlobalSection(SolutionProperties) = preSolution
		HideSolutionNode = FALSE
	EndGlobalSection
	GlobalSection(ExtensibilityGlobals) = postSolution
		SolutionGuid = {28BF149C-F540-457D-BD12-B5BC941A19EA}
	EndGlobalSection
EndGlobal
