
Microsoft Visual Studio Solution File, Format Version 12.00
# Visual Studio Version 16
VisualStudioVersion = 16.0.29306.81
MinimumVisualStudioVersion = 10.0.40219.1
Project("{FAE04EC0-301F-11D3-BF4B-00C04F79EFBC}") = "ITI.LightAndSwitch", "ITI.LightAndSwitch\ITI.LightAndSwitch.csproj", "{19121E21-0380-4AB5-BFD1-048425754716}"
EndProject
Project("{FAE04EC0-301F-11D3-BF4B-00C04F79EFBC}") = "ITI.LightAndSwitch.Tests", "ITI.LightAndSwitch.Tests\ITI.LightAndSwitch.Tests.csproj", "{6FB118B7-4694-4F54-95C1-F377ED62B1CF}"
EndProject
Global
	GlobalSection(SolutionConfigurationPlatforms) = preSolution
		Debug|Any CPU = Debug|Any CPU
		Release|Any CPU = Release|Any CPU
	EndGlobalSection
	GlobalSection(ProjectConfigurationPlatforms) = postSolution
		{19121E21-0380-4AB5-BFD1-048425754716}.Debug|Any CPU.ActiveCfg = Debug|Any CPU
		{19121E21-0380-4AB5-BFD1-048425754716}.Debug|Any CPU.Build.0 = Debug|Any CPU
		{19121E21-0380-4AB5-BFD1-048425754716}.Release|Any CPU.ActiveCfg = Release|Any CPU
		{19121E21-0380-4AB5-BFD1-048425754716}.Release|Any CPU.Build.0 = Release|Any CPU
		{6FB118B7-4694-4F54-95C1-F377ED62B1CF}.Debug|Any CPU.ActiveCfg = Debug|Any CPU
		{6FB118B7-4694-4F54-95C1-F377ED62B1CF}.Debug|Any CPU.Build.0 = Debug|Any CPU
		{6FB118B7-4694-4F54-95C1-F377ED62B1CF}.Release|Any CPU.ActiveCfg = Release|Any CPU
		{6FB118B7-4694-4F54-95C1-F377ED62B1CF}.Release|Any CPU.Build.0 = Release|Any CPU
	EndGlobalSection
	GlobalSection(SolutionProperties) = preSolution
		HideSolutionNode = FALSE
	EndGlobalSection
	GlobalSection(ExtensibilityGlobals) = postSolution
		SolutionGuid = {92AF886B-8DF9-4AFF-9E0A-CC278607753B}
	EndGlobalSection
EndGlobal
