
Microsoft Visual Studio Solution File, Format Version 12.00
# Visual Studio Version 16
VisualStudioVersion = 16.0.29306.81
MinimumVisualStudioVersion = 10.0.40219.1
Project("{FAE04EC0-301F-11D3-BF4B-00C04F79EFBC}") = "ITI.MicroZoo", "ITI.MicroZoo\ITI.MicroZoo.csproj", "{EC3ED7FE-37F8-446F-934C-D4E03DBEB335}"
EndProject
Project("{FAE04EC0-301F-11D3-BF4B-00C04F79EFBC}") = "ITI.MicroZoo.Tests", "ITI.MicroZoo.Tests\ITI.MicroZoo.Tests.csproj", "{E1E1B34D-66E0-4EC7-A464-951D1C3A3C5B}"
EndProject
Global
	GlobalSection(SolutionConfigurationPlatforms) = preSolution
		Debug|Any CPU = Debug|Any CPU
		Release|Any CPU = Release|Any CPU
	EndGlobalSection
	GlobalSection(ProjectConfigurationPlatforms) = postSolution
		{EC3ED7FE-37F8-446F-934C-D4E03DBEB335}.Debug|Any CPU.ActiveCfg = Debug|Any CPU
		{EC3ED7FE-37F8-446F-934C-D4E03DBEB335}.Debug|Any CPU.Build.0 = Debug|Any CPU
		{EC3ED7FE-37F8-446F-934C-D4E03DBEB335}.Release|Any CPU.ActiveCfg = Release|Any CPU
		{EC3ED7FE-37F8-446F-934C-D4E03DBEB335}.Release|Any CPU.Build.0 = Release|Any CPU
		{E1E1B34D-66E0-4EC7-A464-951D1C3A3C5B}.Debug|Any CPU.ActiveCfg = Debug|Any CPU
		{E1E1B34D-66E0-4EC7-A464-951D1C3A3C5B}.Debug|Any CPU.Build.0 = Debug|Any CPU
		{E1E1B34D-66E0-4EC7-A464-951D1C3A3C5B}.Release|Any CPU.ActiveCfg = Release|Any CPU
		{E1E1B34D-66E0-4EC7-A464-951D1C3A3C5B}.Release|Any CPU.Build.0 = Release|Any CPU
	EndGlobalSection
	GlobalSection(SolutionProperties) = preSolution
		HideSolutionNode = FALSE
	EndGlobalSection
	GlobalSection(ExtensibilityGlobals) = postSolution
		SolutionGuid = {7F7D27AF-31C4-448B-87F7-AC27BF297817}
	EndGlobalSection
EndGlobal
